
Microsoft Visual Studio Solution File, Format Version 12.00
# Visual Studio 2012
Project("{FAE04EC0-301F-11D3-BF4B-00C04F79EFBC}") = "MyLibrary", "MyLibrary\MyLibrary.csproj", "{7D94753B-163E-4315-8FBB-5AA1DB652F34}"
EndProject
Project("{FAE04EC0-301F-11D3-BF4B-00C04F79EFBC}") = "CommonLib", "Common\CommonLib.csproj", "{DD942926-8EE7-4816-8F7B-AE3EC35E86E0}"
EndProject
Project("{FAE04EC0-301F-11D3-BF4B-00C04F79EFBC}") = "Test", "Test\Test.csproj", "{787D12FA-F845-4A95-B216-BD345BE0E4AF}"
EndProject
Project("{FAE04EC0-301F-11D3-BF4B-00C04F79EFBC}") = "DatabaseInvoke", "DatabaseInvoke\DatabaseInvoke.csproj", "{54D74D4E-54F8-4158-A668-BCBADD129905}"
EndProject
Project("{FAE04EC0-301F-11D3-BF4B-00C04F79EFBC}") = "Elasticsearch.Core", "Elasticsearch.Core\Elasticsearch.Core.csproj", "{BFBCC8E2-4CEA-4415-8AB2-FE5C5403A817}"
EndProject
Global
	GlobalSection(SolutionConfigurationPlatforms) = preSolution
		Debug|Any CPU = Debug|Any CPU
		Release|Any CPU = Release|Any CPU
	EndGlobalSection
	GlobalSection(ProjectConfigurationPlatforms) = postSolution
		{7D94753B-163E-4315-8FBB-5AA1DB652F34}.Debug|Any CPU.ActiveCfg = Debug|Any CPU
		{7D94753B-163E-4315-8FBB-5AA1DB652F34}.Debug|Any CPU.Build.0 = Debug|Any CPU
		{7D94753B-163E-4315-8FBB-5AA1DB652F34}.Release|Any CPU.ActiveCfg = Release|Any CPU
		{7D94753B-163E-4315-8FBB-5AA1DB652F34}.Release|Any CPU.Build.0 = Release|Any CPU
		{DD942926-8EE7-4816-8F7B-AE3EC35E86E0}.Debug|Any CPU.ActiveCfg = Debug|Any CPU
		{DD942926-8EE7-4816-8F7B-AE3EC35E86E0}.Debug|Any CPU.Build.0 = Debug|Any CPU
		{DD942926-8EE7-4816-8F7B-AE3EC35E86E0}.Release|Any CPU.ActiveCfg = Release|Any CPU
		{DD942926-8EE7-4816-8F7B-AE3EC35E86E0}.Release|Any CPU.Build.0 = Release|Any CPU
		{787D12FA-F845-4A95-B216-BD345BE0E4AF}.Debug|Any CPU.ActiveCfg = Debug|Any CPU
		{787D12FA-F845-4A95-B216-BD345BE0E4AF}.Debug|Any CPU.Build.0 = Debug|Any CPU
		{787D12FA-F845-4A95-B216-BD345BE0E4AF}.Release|Any CPU.ActiveCfg = Release|Any CPU
		{787D12FA-F845-4A95-B216-BD345BE0E4AF}.Release|Any CPU.Build.0 = Release|Any CPU
		{54D74D4E-54F8-4158-A668-BCBADD129905}.Debug|Any CPU.ActiveCfg = Debug|Any CPU
		{54D74D4E-54F8-4158-A668-BCBADD129905}.Debug|Any CPU.Build.0 = Debug|Any CPU
		{54D74D4E-54F8-4158-A668-BCBADD129905}.Release|Any CPU.ActiveCfg = Release|Any CPU
		{54D74D4E-54F8-4158-A668-BCBADD129905}.Release|Any CPU.Build.0 = Release|Any CPU
		{BFBCC8E2-4CEA-4415-8AB2-FE5C5403A817}.Debug|Any CPU.ActiveCfg = Debug|Any CPU
		{BFBCC8E2-4CEA-4415-8AB2-FE5C5403A817}.Debug|Any CPU.Build.0 = Debug|Any CPU
		{BFBCC8E2-4CEA-4415-8AB2-FE5C5403A817}.Release|Any CPU.ActiveCfg = Release|Any CPU
		{BFBCC8E2-4CEA-4415-8AB2-FE5C5403A817}.Release|Any CPU.Build.0 = Release|Any CPU
	EndGlobalSection
	GlobalSection(SolutionProperties) = preSolution
		HideSolutionNode = FALSE
	EndGlobalSection
EndGlobal
